
Microsoft Visual Studio Solution File, Format Version 12.00
# Visual Studio Version 17
VisualStudioVersion = 17.4.33213.308
MinimumVisualStudioVersion = 10.0.40219.1
Project("{9A19103F-16F7-4668-BE54-9A1E7A4F7556}") = "Pinger", "Pinger.csproj", "{48FC73D8-15E3-48EC-A2C2-1D60F01E60B5}"
EndProject
Global
	GlobalSection(SolutionConfigurationPlatforms) = preSolution
		Debug|Any CPU = Debug|Any CPU
		Release|Any CPU = Release|Any CPU
	EndGlobalSection
	GlobalSection(ProjectConfigurationPlatforms) = postSolution
		{48FC73D8-15E3-48EC-A2C2-1D60F01E60B5}.Debug|Any CPU.ActiveCfg = Debug|Any CPU
		{48FC73D8-15E3-48EC-A2C2-1D60F01E60B5}.Debug|Any CPU.Build.0 = Debug|Any CPU
		{48FC73D8-15E3-48EC-A2C2-1D60F01E60B5}.Release|Any CPU.ActiveCfg = Release|Any CPU
		{48FC73D8-15E3-48EC-A2C2-1D60F01E60B5}.Release|Any CPU.Build.0 = Release|Any CPU
	EndGlobalSection
	GlobalSection(SolutionProperties) = preSolution
		HideSolutionNode = FALSE
	EndGlobalSection
	GlobalSection(ExtensibilityGlobals) = postSolution
		SolutionGuid = {01200121-2D09-46FC-9533-89D41464D6A6}
	EndGlobalSection
EndGlobal
